
Microsoft Visual Studio Solution File, Format Version 12.00
# Visual Studio Version 16
VisualStudioVersion = 16.0.31112.23
MinimumVisualStudioVersion = 10.0.40219.1
Project("{FAE04EC0-301F-11D3-BF4B-00C04F79EFBC}") = "TowersOfHanoi", "TowersOfHanoi\TowersOfHanoi.csproj", "{2F0E4A96-531A-40F0-97A0-C44503DC74C3}"
EndProject
Global
	GlobalSection(SolutionConfigurationPlatforms) = preSolution
		Debug|Any CPU = Debug|Any CPU
		Release|Any CPU = Release|Any CPU
	EndGlobalSection
	GlobalSection(ProjectConfigurationPlatforms) = postSolution
		{2F0E4A96-531A-40F0-97A0-C44503DC74C3}.Debug|Any CPU.ActiveCfg = Debug|Any CPU
		{2F0E4A96-531A-40F0-97A0-C44503DC74C3}.Debug|Any CPU.Build.0 = Debug|Any CPU
		{2F0E4A96-531A-40F0-97A0-C44503DC74C3}.Release|Any CPU.ActiveCfg = Release|Any CPU
		{2F0E4A96-531A-40F0-97A0-C44503DC74C3}.Release|Any CPU.Build.0 = Release|Any CPU
	EndGlobalSection
	GlobalSection(SolutionProperties) = preSolution
		HideSolutionNode = FALSE
	EndGlobalSection
	GlobalSection(ExtensibilityGlobals) = postSolution
		SolutionGuid = {827D350B-7831-4C20-BE14-6FEFB6DD51B4}
	EndGlobalSection
EndGlobal
